<?xml version="1.0" encoding="UTF-8"?>
<Scheme
   LastUpgradeVersion = "0810"
   version = "1.3">
   <BuildAction
      parallelizeBuildables = "YES"
      buildImplicitDependencies = "YES">
      <BuildActionEntries>
         <BuildActionEntry
            buildForTesting = "YES"
            buildForRunning = "YES"
            buildForProfiling = "YES"
            buildForArchiving = "YES"
            buildForAnalyzing = "YES">
            <BuildableReference
               BuildableIdentifier = "primary"
               BlueprintIdentifier = "E742A77A1E344655007021E4"
               BuildableName = "Runtime&#xff08;&#x52a8;&#x6001;&#x6dfb;&#x52a0;&#x5c5e;&#x6027;&#xff09;.app"
               BlueprintName = "Runtime&#xff08;&#x52a8;&#x6001;&#x6dfb;&#x52a0;&#x5c5e;&#x6027;&#xff09;"
               ReferencedContainer = "container:Runtime&#xff08;&#x52a8;&#x6001;&#x6dfb;&#x52a0;&#x5c5e;&#x6027;&#xff09;.xcodeproj">
            </BuildableReference>
         </BuildActionEntry>
      </BuildActionEntries>
   </BuildAction>
   <TestAction
      buildConfiguration = "Debug"
      selectedDebuggerIdentifier = "Xcode.DebuggerFoundation.Debugger.LLDB"
      selectedLauncherIdentifier = "Xcode.DebuggerFoundation.Launcher.LLDB"
      shouldUseLaunchSchemeArgsEnv = "YES">
      <Testables>
         <TestableReference
            skipped = "NO">
            <BuildableReference
               BuildableIdentifier = "primary"
               BlueprintIdentifier = "E742A7961E344656007021E4"
               BuildableName = "Runtime&#xff08;&#x52a8;&#x6001;&#x6dfb;&#x52a0;&#x5c5e;&#x6027;&#xff09;Tests.xctest"
               BlueprintName = "Runtime&#xff08;&#x52a8;&#x6001;&#x6dfb;&#x52a0;&#x5c5e;&#x6027;&#xff09;Tests"
               ReferencedContainer = "container:Runtime&#xff08;&#x52a8;&#x6001;&#x6dfb;&#x52a0;&#x5c5e;&#x6027;&#xff09;.xcodeproj">
            </BuildableReference>
         </TestableReference>
         <TestableReference
            skipped = "NO">
            <BuildableReference
               BuildableIdentifier = "primary"
               BlueprintIdentifier = "E742A7A11E344656007021E4"
               BuildableName = "Runtime&#xff08;&#x52a8;&#x6001;&#x6dfb;&#x52a0;&#x5c5e;&#x6027;&#xff09;UITests.xctest"
               BlueprintName = "Runtime&#xff08;&#x52a8;&#x6001;&#x6dfb;&#x52a0;&#x5c5e;&#x6027;&#xff09;UITests"
               ReferencedContainer = "container:Runtime&#xff08;&#x52a8;&#x6001;&#x6dfb;&#x52a0;&#x5c5e;&#x6027;&#xff09;.xcodeproj">
            </BuildableReference>
         </TestableReference>
      </Testables>
      <MacroExpansion>
         <BuildableReference
            BuildableIdentifier = "primary"
            BlueprintIdentifier = "E742A77A1E344655007021E4"
            BuildableName = "Runtime&#xff08;&#x52a8;&#x6001;&#x6dfb;&#x52a0;&#x5c5e;&#x6027;&#xff09;.app"
            BlueprintName = "Runtime&#xff08;&#x52a8;&#x6001;&#x6dfb;&#x52a0;&#x5c5e;&#x6027;&#xff09;"
            ReferencedContainer = "container:Runtime&#xff08;&#x52a8;&#x6001;&#x6dfb;&#x52a0;&#x5c5e;&#x6027;&#xff09;.xcodeproj">
         </BuildableReference>
      </MacroExpansion>
      <AdditionalOptions>
      </AdditionalOptions>
   </TestAction>
   <LaunchAction
      buildConfiguration = "Debug"
      selectedDebuggerIdentifier = "Xcode.DebuggerFoundation.Debugger.LLDB"
      selectedLauncherIdentifier = "Xcode.DebuggerFoundation.Launcher.LLDB"
      launchStyle = "0"
      useCustomWorkingDirectory = "NO"
      ignoresPersistentStateOnLaunch = "NO"
      debugDocumentVersioning = "YES"
      debugServiceExtension = "internal"
      allowLocationSimulation = "YES">
      <BuildableProductRunnable
         runnableDebuggingMode = "0">
         <BuildableReference
            BuildableIdentifier = "primary"
            BlueprintIdentifier = "E742A77A1E344655007021E4"
            BuildableName = "Runtime&#xff08;&#x52a8;&#x6001;&#x6dfb;&#x52a0;&#x5c5e;&#x6027;&#xff09;.app"
            BlueprintName = "Runtime&#xff08;&#x52a8;&#x6001;&#x6dfb;&#x52a0;&#x5c5e;&#x6027;&#xff09;"
            ReferencedContainer = "container:Runtime&#xff08;&#x52a8;&#x6001;&#x6dfb;&#x52a0;&#x5c5e;&#x6027;&#xff09;.xcodeproj">
         </BuildableReference>
      </BuildableProductRunnable>
      <AdditionalOptions>
      </AdditionalOptions>
   </LaunchAction>
   <ProfileAction
      buildConfiguration = "Release"
      shouldUseLaunchSchemeArgsEnv = "YES"
      savedToolIdentifier = ""
      useCustomWorkingDirectory = "NO"
      debugDocumentVersioning = "YES">
      <BuildableProductRunnable
         runnableDebuggingMode = "0">
         <BuildableReference
            BuildableIdentifier = "primary"
            BlueprintIdentifier = "E742A77A1E344655007021E4"
            BuildableName = "Runtime&#xff08;&#x52a8;&#x6001;&#x6dfb;&#x52a0;&#x5c5e;&#x6027;&#xff09;.app"
            BlueprintName = "Runtime&#xff08;&#x52a8;&#x6001;&#x6dfb;&#x52a0;&#x5c5e;&#x6027;&#xff09;"
            ReferencedContainer = "container:Runtime&#xff08;&#x52a8;&#x6001;&#x6dfb;&#x52a0;&#x5c5e;&#x6027;&#xff09;.xcodeproj">
         </BuildableReference>
      </BuildableProductRunnable>
   </ProfileAction>
   <AnalyzeAction
      buildConfiguration = "Debug">
   </AnalyzeAction>
   <ArchiveAction
      buildConfiguration = "Release"
      revealArchiveInOrganizer = "YES">
   </ArchiveAction>
</Scheme>
